
Microsoft Visual Studio Solution File, Format Version 12.00
# Visual Studio Version 17
VisualStudioVersion = 17.14.36408.4 d17.14
MinimumVisualStudioVersion = 10.0.40219.1
Project("{FAE04EC0-301F-11D3-BF4B-00C04F79EFBC}") = "GerenciadorMateriais", "GerenciadorMateriais.csproj", "{F519BA93-C8F5-465B-B401-E7A6FE4426AF}"
EndProject
Global
	GlobalSection(SolutionConfigurationPlatforms) = preSolution
		Debug|Any CPU = Debug|Any CPU
		Release|Any CPU = Release|Any CPU
	EndGlobalSection
	GlobalSection(ProjectConfigurationPlatforms) = postSolution
		{F519BA93-C8F5-465B-B401-E7A6FE4426AF}.Debug|Any CPU.ActiveCfg = Debug|Any CPU
		{F519BA93-C8F5-465B-B401-E7A6FE4426AF}.Debug|Any CPU.Build.0 = Debug|Any CPU
		{F519BA93-C8F5-465B-B401-E7A6FE4426AF}.Release|Any CPU.ActiveCfg = Release|Any CPU
		{F519BA93-C8F5-465B-B401-E7A6FE4426AF}.Release|Any CPU.Build.0 = Release|Any CPU
	EndGlobalSection
	GlobalSection(SolutionProperties) = preSolution
		HideSolutionNode = FALSE
	EndGlobalSection
	GlobalSection(ExtensibilityGlobals) = postSolution
		SolutionGuid = {0097F603-5BD4-491D-9708-C09C6CA2D8D4}
	EndGlobalSection
EndGlobal
